{
  "object": {
    "pins": [
      {
        "package": "async-http-client",
        "repositoryURL": "https://github.com/swift-server/async-http-client.git",
        "state": {
          "branch": null,
          "revision": "037b70291941fe43de668066eb6fb802c5e181d2",
          "version": "1.1.1"
        }
      },
      {
        "package": "aws-sdk-swift",
        "repositoryURL": "https://github.com/swift-aws/aws-sdk-swift.git",
        "state": {
          "branch": null,
          "revision": "0f5a40c1331f497dd5cc29c873d9f0ee4ff0db60",
          "version": "5.0.0-alpha.4"
        }
      },
      {
        "package": "aws-sdk-swift-core",
        "repositoryURL": "https://github.com/swift-aws/aws-sdk-swift-core.git",
        "state": {
          "branch": null,
          "revision": "e0f70315488c23ea64ab63ef7b8530ce01783024",
          "version": "5.0.0-alpha.4"
        }
      },
      {
        "package": "swift-aws-lambda-runtime",
        "repositoryURL": "https://github.com/swift-server/swift-aws-lambda-runtime.git",
        "state": {
          "branch": null,
          "revision": "2bac89639fffd7b1197ab597473a4d10c459a230",
          "version": "0.2.0"
        }
      },
      {
        "package": "swift-backtrace",
        "repositoryURL": "https://github.com/swift-server/swift-backtrace.git",
        "state": {
          "branch": null,
          "revision": "f2fd8c4845a123419c348e0bc4b3839c414077d5",
          "version": "1.2.0"
        }
      },
      {
        "package": "swift-log",
        "repositoryURL": "https://github.com/apple/swift-log.git",
        "state": {
          "branch": null,
          "revision": "74d7b91ceebc85daf387ebb206003f78813f71aa",
          "version": "1.2.0"
        }
      },
      {
        "package": "swift-metrics",
        "repositoryURL": "https://github.com/apple/swift-metrics.git",
        "state": {
          "branch": null,
          "revision": "708b960b4605abb20bc55d65abf6bad607252200",
          "version": "2.0.0"
        }
      },
      {
        "package": "swift-nio",
        "repositoryURL": "https://github.com/apple/swift-nio.git",
        "state": {
          "branch": null,
          "revision": "120acb15c39aa3217e9888e515de160378fbcc1e",
          "version": "2.18.0"
        }
      },
      {
        "package": "swift-nio-extras",
        "repositoryURL": "https://github.com/apple/swift-nio-extras.git",
        "state": {
          "branch": null,
          "revision": "7cd24c0efcf9700033f671b6a8eaa64a77dd0b72",
          "version": "1.5.1"
        }
      },
      {
        "package": "swift-nio-ssl",
        "repositoryURL": "https://github.com/apple/swift-nio-ssl.git",
        "state": {
          "branch": null,
          "revision": "f0b118d9af6c4e78bc4f3f4fbb464020172b0bf4",
          "version": "2.7.5"
        }
      },
      {
        "package": "swift-nio-transport-services",
        "repositoryURL": "https://github.com/apple/swift-nio-transport-services.git",
        "state": {
          "branch": null,
          "revision": "2ac8fde712c1b1a147ecb7065824a40d2c09d0cb",
          "version": "1.6.0"
        }
      }
    ]
  },
  "version": 1
}
