// !$*UTF8*$!
{
	archiveVersion = 1;
	classes = {
	};
	objectVersion = 50;
	objects = {

/* Begin PBXBuildFile section */
		8B7FBA9724AD8D4700167A90 /* TodoApp.swift in Sources */ = {isa = PBXBuildFile; fileRef = 8B7FBA9624AD8D4700167A90 /* TodoApp.swift */; };
		8B7FBA9924AD8D4700167A90 /* ContentView.swift in Sources */ = {isa = PBXBuildFile; fileRef = 8B7FBA9824AD8D4700167A90 /* ContentView.swift */; };
		8B7FBA9B24AD8D4800167A90 /* Assets.xcassets in Resources */ = {isa = PBXBuildFile; fileRef = 8B7FBA9A24AD8D4800167A90 /* Assets.xcassets */; };
		8B7FBA9E24AD8D4800167A90 /* Preview Assets.xcassets in Resources */ = {isa = PBXBuildFile; fileRef = 8B7FBA9D24AD8D4800167A90 /* Preview Assets.xcassets */; };
		8B7FBAA724AD8D6600167A90 /* Todo.xcdatamodeld in Sources */ = {isa = PBXBuildFile; fileRef = 8B7FBAA524AD8D6600167A90 /* Todo.xcdatamodeld */; };
		8B7FBAA924AD8E3500167A90 /* TodoProvider.swift in Sources */ = {isa = PBXBuildFile; fileRef = 8B7FBAA824AD8E3500167A90 /* TodoProvider.swift */; };
		8B7FBAAD24AD8EF300167A90 /* Todo.swift in Sources */ = {isa = PBXBuildFile; fileRef = 8B7FBAAC24AD8EF300167A90 /* Todo.swift */; };
		8B7FBAAF24AD8F4600167A90 /* TodoError.swift in Sources */ = {isa = PBXBuildFile; fileRef = 8B7FBAAE24AD8F4600167A90 /* TodoError.swift */; };
		8B7FBAB124AD8FE500167A90 /* Utils.swift in Sources */ = {isa = PBXBuildFile; fileRef = 8B7FBAB024AD8FE500167A90 /* Utils.swift */; };
		8B7FBAB424ADB7C700167A90 /* TodoListViewModel.swift in Sources */ = {isa = PBXBuildFile; fileRef = 8B7FBAB324ADB7C700167A90 /* TodoListViewModel.swift */; };
		8BC92DD524ADDF1900FFE329 /* TodoFormView.swift in Sources */ = {isa = PBXBuildFile; fileRef = 8BC92DD424ADDF1900FFE329 /* TodoFormView.swift */; };
		8BC92DD724ADF8B400FFE329 /* TodoFormViewModel.swift in Sources */ = {isa = PBXBuildFile; fileRef = 8BC92DD624ADF8B400FFE329 /* TodoFormViewModel.swift */; };
/* End PBXBuildFile section */

/* Begin PBXFileReference section */
		8B7FBA9324AD8D4700167A90 /* Todo.app */ = {isa = PBXFileReference; explicitFileType = wrapper.application; includeInIndex = 0; path = Todo.app; sourceTree = BUILT_PRODUCTS_DIR; };
		8B7FBA9624AD8D4700167A90 /* TodoApp.swift */ = {isa = PBXFileReference; lastKnownFileType = sourcecode.swift; path = TodoApp.swift; sourceTree = "<group>"; };
		8B7FBA9824AD8D4700167A90 /* ContentView.swift */ = {isa = PBXFileReference; lastKnownFileType = sourcecode.swift; path = ContentView.swift; sourceTree = "<group>"; };
		8B7FBA9A24AD8D4800167A90 /* Assets.xcassets */ = {isa = PBXFileReference; lastKnownFileType = folder.assetcatalog; path = Assets.xcassets; sourceTree = "<group>"; };
		8B7FBA9D24AD8D4800167A90 /* Preview Assets.xcassets */ = {isa = PBXFileReference; lastKnownFileType = folder.assetcatalog; path = "Preview Assets.xcassets"; sourceTree = "<group>"; };
		8B7FBA9F24AD8D4800167A90 /* Info.plist */ = {isa = PBXFileReference; lastKnownFileType = text.plist.xml; path = Info.plist; sourceTree = "<group>"; };
		8B7FBAA624AD8D6600167A90 /* Todo.xcdatamodel */ = {isa = PBXFileReference; lastKnownFileType = wrapper.xcdatamodel; path = Todo.xcdatamodel; sourceTree = "<group>"; };
		8B7FBAA824AD8E3500167A90 /* TodoProvider.swift */ = {isa = PBXFileReference; lastKnownFileType = sourcecode.swift; path = TodoProvider.swift; sourceTree = "<group>"; };
		8B7FBAAC24AD8EF300167A90 /* Todo.swift */ = {isa = PBXFileReference; lastKnownFileType = sourcecode.swift; path = Todo.swift; sourceTree = "<group>"; };
		8B7FBAAE24AD8F4600167A90 /* TodoError.swift */ = {isa = PBXFileReference; lastKnownFileType = sourcecode.swift; path = TodoError.swift; sourceTree = "<group>"; };
		8B7FBAB024AD8FE500167A90 /* Utils.swift */ = {isa = PBXFileReference; lastKnownFileType = sourcecode.swift; path = Utils.swift; sourceTree = "<group>"; };
		8B7FBAB324ADB7C700167A90 /* TodoListViewModel.swift */ = {isa = PBXFileReference; lastKnownFileType = sourcecode.swift; path = TodoListViewModel.swift; sourceTree = "<group>"; };
		8BC92DD424ADDF1900FFE329 /* TodoFormView.swift */ = {isa = PBXFileReference; lastKnownFileType = sourcecode.swift; path = TodoFormView.swift; sourceTree = "<group>"; };
		8BC92DD624ADF8B400FFE329 /* TodoFormViewModel.swift */ = {isa = PBXFileReference; lastKnownFileType = sourcecode.swift; path = TodoFormViewModel.swift; sourceTree = "<group>"; };
/* End PBXFileReference section */

/* Begin PBXFrameworksBuildPhase section */
		8B7FBA9024AD8D4700167A90 /* Frameworks */ = {
			isa = PBXFrameworksBuildPhase;
			buildActionMask = 2147483647;
			files = (
			);
			runOnlyForDeploymentPostprocessing = 0;
		};
/* End PBXFrameworksBuildPhase section */

/* Begin PBXGroup section */
		8B7FBA8A24AD8D4700167A90 = {
			isa = PBXGroup;
			children = (
				8B7FBA9524AD8D4700167A90 /* Todo */,
				8B7FBA9424AD8D4700167A90 /* Products */,
			);
			sourceTree = "<group>";
		};
		8B7FBA9424AD8D4700167A90 /* Products */ = {
			isa = PBXGroup;
			children = (
				8B7FBA9324AD8D4700167A90 /* Todo.app */,
			);
			name = Products;
			sourceTree = "<group>";
		};
		8B7FBA9524AD8D4700167A90 /* Todo */ = {
			isa = PBXGroup;
			children = (
				8B7FBA9624AD8D4700167A90 /* TodoApp.swift */,
				8B7FBA9824AD8D4700167A90 /* ContentView.swift */,
				8BC92DD424ADDF1900FFE329 /* TodoFormView.swift */,
				8B7FBAB024AD8FE500167A90 /* Utils.swift */,
				8B7FBAB224ADB7B900167A90 /* Bindings */,
				8B7FBAAB24AD8E9300167A90 /* Services */,
				8B7FBAAA24AD8E8A00167A90 /* Model */,
				8B7FBAA524AD8D6600167A90 /* Todo.xcdatamodeld */,
				8B7FBA9A24AD8D4800167A90 /* Assets.xcassets */,
				8B7FBA9F24AD8D4800167A90 /* Info.plist */,
				8B7FBA9C24AD8D4800167A90 /* Preview Content */,
			);
			path = Todo;
			sourceTree = "<group>";
		};
		8B7FBA9C24AD8D4800167A90 /* Preview Content */ = {
			isa = PBXGroup;
			children = (
				8B7FBA9D24AD8D4800167A90 /* Preview Assets.xcassets */,
			);
			path = "Preview Content";
			sourceTree = "<group>";
		};
		8B7FBAAA24AD8E8A00167A90 /* Model */ = {
			isa = PBXGroup;
			children = (
				8B7FBAAC24AD8EF300167A90 /* Todo.swift */,
				8B7FBAAE24AD8F4600167A90 /* TodoError.swift */,
			);
			path = Model;
			sourceTree = "<group>";
		};
		8B7FBAAB24AD8E9300167A90 /* Services */ = {
			isa = PBXGroup;
			children = (
				8B7FBAA824AD8E3500167A90 /* TodoProvider.swift */,
			);
			path = Services;
			sourceTree = "<group>";
		};
		8B7FBAB224ADB7B900167A90 /* Bindings */ = {
			isa = PBXGroup;
			children = (
				8B7FBAB324ADB7C700167A90 /* TodoListViewModel.swift */,
				8BC92DD624ADF8B400FFE329 /* TodoFormViewModel.swift */,
			);
			path = Bindings;
			sourceTree = "<group>";
		};
/* End PBXGroup section */

/* Begin PBXNativeTarget section */
		8B7FBA9224AD8D4700167A90 /* Todo */ = {
			isa = PBXNativeTarget;
			buildConfigurationList = 8B7FBAA224AD8D4800167A90 /* Build configuration list for PBXNativeTarget "Todo" */;
			buildPhases = (
				8B7FBA8F24AD8D4700167A90 /* Sources */,
				8B7FBA9024AD8D4700167A90 /* Frameworks */,
				8B7FBA9124AD8D4700167A90 /* Resources */,
			);
			buildRules = (
			);
			dependencies = (
			);
			name = Todo;
			productName = Todo;
			productReference = 8B7FBA9324AD8D4700167A90 /* Todo.app */;
			productType = "com.apple.product-type.application";
		};
/* End PBXNativeTarget section */

/* Begin PBXProject section */
		8B7FBA8B24AD8D4700167A90 /* Project object */ = {
			isa = PBXProject;
			attributes = {
				LastSwiftUpdateCheck = 1200;
				LastUpgradeCheck = 1200;
				TargetAttributes = {
					8B7FBA9224AD8D4700167A90 = {
						CreatedOnToolsVersion = 12.0;
					};
				};
			};
			buildConfigurationList = 8B7FBA8E24AD8D4700167A90 /* Build configuration list for PBXProject "Todo" */;
			compatibilityVersion = "Xcode 9.3";
			developmentRegion = en;
			hasScannedForEncodings = 0;
			knownRegions = (
				en,
				Base,
			);
			mainGroup = 8B7FBA8A24AD8D4700167A90;
			productRefGroup = 8B7FBA9424AD8D4700167A90 /* Products */;
			projectDirPath = "";
			projectRoot = "";
			targets = (
				8B7FBA9224AD8D4700167A90 /* Todo */,
			);
		};
/* End PBXProject section */

/* Begin PBXResourcesBuildPhase section */
		8B7FBA9124AD8D4700167A90 /* Resources */ = {
			isa = PBXResourcesBuildPhase;
			buildActionMask = 2147483647;
			files = (
				8B7FBA9E24AD8D4800167A90 /* Preview Assets.xcassets in Resources */,
				8B7FBA9B24AD8D4800167A90 /* Assets.xcassets in Resources */,
			);
			runOnlyForDeploymentPostprocessing = 0;
		};
/* End PBXResourcesBuildPhase section */

/* Begin PBXSourcesBuildPhase section */
		8B7FBA8F24AD8D4700167A90 /* Sources */ = {
			isa = PBXSourcesBuildPhase;
			buildActionMask = 2147483647;
			files = (
				8B7FBAB424ADB7C700167A90 /* TodoListViewModel.swift in Sources */,
				8B7FBA9924AD8D4700167A90 /* ContentView.swift in Sources */,
				8B7FBAA724AD8D6600167A90 /* Todo.xcdatamodeld in Sources */,
				8B7FBAA924AD8E3500167A90 /* TodoProvider.swift in Sources */,
				8B7FBAB124AD8FE500167A90 /* Utils.swift in Sources */,
				8B7FBA9724AD8D4700167A90 /* TodoApp.swift in Sources */,
				8B7FBAAF24AD8F4600167A90 /* TodoError.swift in Sources */,
				8B7FBAAD24AD8EF300167A90 /* Todo.swift in Sources */,
				8BC92DD724ADF8B400FFE329 /* TodoFormViewModel.swift in Sources */,
				8BC92DD524ADDF1900FFE329 /* TodoFormView.swift in Sources */,
			);
			runOnlyForDeploymentPostprocessing = 0;
		};
/* End PBXSourcesBuildPhase section */

/* Begin XCBuildConfiguration section */
		8B7FBAA024AD8D4800167A90 /* Debug */ = {
			isa = XCBuildConfiguration;
			buildSettings = {
				ALWAYS_SEARCH_USER_PATHS = NO;
				CLANG_ANALYZER_NONNULL = YES;
				CLANG_ANALYZER_NUMBER_OBJECT_CONVERSION = YES_AGGRESSIVE;
				CLANG_CXX_LANGUAGE_STANDARD = "gnu++14";
				CLANG_CXX_LIBRARY = "libc++";
				CLANG_ENABLE_MODULES = YES;
				CLANG_ENABLE_OBJC_ARC = YES;
				CLANG_ENABLE_OBJC_WEAK = YES;
				CLANG_WARN_BLOCK_CAPTURE_AUTORELEASING = YES;
				CLANG_WARN_BOOL_CONVERSION = YES;
				CLANG_WARN_COMMA = YES;
				CLANG_WARN_CONSTANT_CONVERSION = YES;
				CLANG_WARN_DEPRECATED_OBJC_IMPLEMENTATIONS = YES;
				CLANG_WARN_DIRECT_OBJC_ISA_USAGE = YES_ERROR;
				CLANG_WARN_DOCUMENTATION_COMMENTS = YES;
				CLANG_WARN_EMPTY_BODY = YES;
				CLANG_WARN_ENUM_CONVERSION = YES;
				CLANG_WARN_INFINITE_RECURSION = YES;
				CLANG_WARN_INT_CONVERSION = YES;
				CLANG_WARN_NON_LITERAL_NULL_CONVERSION = YES;
				CLANG_WARN_OBJC_IMPLICIT_RETAIN_SELF = YES;
				CLANG_WARN_OBJC_LITERAL_CONVERSION = YES;
				CLANG_WARN_OBJC_ROOT_CLASS = YES_ERROR;
				CLANG_WARN_QUOTED_INCLUDE_IN_FRAMEWORK_HEADER = YES;
				CLANG_WARN_RANGE_LOOP_ANALYSIS = YES;
				CLANG_WARN_STRICT_PROTOTYPES = YES;
				CLANG_WARN_SUSPICIOUS_MOVE = YES;
				CLANG_WARN_UNGUARDED_AVAILABILITY = YES_AGGRESSIVE;
				CLANG_WARN_UNREACHABLE_CODE = YES;
				CLANG_WARN__DUPLICATE_METHOD_MATCH = YES;
				COPY_PHASE_STRIP = NO;
				DEBUG_INFORMATION_FORMAT = dwarf;
				ENABLE_STRICT_OBJC_MSGSEND = YES;
				ENABLE_TESTABILITY = YES;
				GCC_C_LANGUAGE_STANDARD = gnu11;
				GCC_DYNAMIC_NO_PIC = NO;
				GCC_NO_COMMON_BLOCKS = YES;
				GCC_OPTIMIZATION_LEVEL = 0;
				GCC_PREPROCESSOR_DEFINITIONS = (
					"DEBUG=1",
					"$(inherited)",
				);
				GCC_WARN_64_TO_32_BIT_CONVERSION = YES;
				GCC_WARN_ABOUT_RETURN_TYPE = YES_ERROR;
				GCC_WARN_UNDECLARED_SELECTOR = YES;
				GCC_WARN_UNINITIALIZED_AUTOS = YES_AGGRESSIVE;
				GCC_WARN_UNUSED_FUNCTION = YES;
				GCC_WARN_UNUSED_VARIABLE = YES;
				IPHONEOS_DEPLOYMENT_TARGET = 14.0;
				MTL_ENABLE_DEBUG_INFO = INCLUDE_SOURCE;
				MTL_FAST_MATH = YES;
				ONLY_ACTIVE_ARCH = YES;
				SDKROOT = iphoneos;
				SWIFT_ACTIVE_COMPILATION_CONDITIONS = DEBUG;
				SWIFT_OPTIMIZATION_LEVEL = "-Onone";
			};
			name = Debug;
		};
		8B7FBAA124AD8D4800167A90 /* Release */ = {
			isa = XCBuildConfiguration;
			buildSettings = {
				ALWAYS_SEARCH_USER_PATHS = NO;
				CLANG_ANALYZER_NONNULL = YES;
				CLANG_ANALYZER_NUMBER_OBJECT_CONVERSION = YES_AGGRESSIVE;
				CLANG_CXX_LANGUAGE_STANDARD = "gnu++14";
				CLANG_CXX_LIBRARY = "libc++";
				CLANG_ENABLE_MODULES = YES;
				CLANG_ENABLE_OBJC_ARC = YES;
				CLANG_ENABLE_OBJC_WEAK = YES;
				CLANG_WARN_BLOCK_CAPTURE_AUTORELEASING = YES;
				CLANG_WARN_BOOL_CONVERSION = YES;
				CLANG_WARN_COMMA = YES;
				CLANG_WARN_CONSTANT_CONVERSION = YES;
				CLANG_WARN_DEPRECATED_OBJC_IMPLEMENTATIONS = YES;
				CLANG_WARN_DIRECT_OBJC_ISA_USAGE = YES_ERROR;
				CLANG_WARN_DOCUMENTATION_COMMENTS = YES;
				CLANG_WARN_EMPTY_BODY = YES;
				CLANG_WARN_ENUM_CONVERSION = YES;
				CLANG_WARN_INFINITE_RECURSION = YES;
				CLANG_WARN_INT_CONVERSION = YES;
				CLANG_WARN_NON_LITERAL_NULL_CONVERSION = YES;
				CLANG_WARN_OBJC_IMPLICIT_RETAIN_SELF = YES;
				CLANG_WARN_OBJC_LITERAL_CONVERSION = YES;
				CLANG_WARN_OBJC_ROOT_CLASS = YES_ERROR;
				CLANG_WARN_QUOTED_INCLUDE_IN_FRAMEWORK_HEADER = YES;
				CLANG_WARN_RANGE_LOOP_ANALYSIS = YES;
				CLANG_WARN_STRICT_PROTOTYPES = YES;
				CLANG_WARN_SUSPICIOUS_MOVE = YES;
				CLANG_WARN_UNGUARDED_AVAILABILITY = YES_AGGRESSIVE;
				CLANG_WARN_UNREACHABLE_CODE = YES;
				CLANG_WARN__DUPLICATE_METHOD_MATCH = YES;
				COPY_PHASE_STRIP = NO;
				DEBUG_INFORMATION_FORMAT = "dwarf-with-dsym";
				ENABLE_NS_ASSERTIONS = NO;
				ENABLE_STRICT_OBJC_MSGSEND = YES;
				GCC_C_LANGUAGE_STANDARD = gnu11;
				GCC_NO_COMMON_BLOCKS = YES;
				GCC_WARN_64_TO_32_BIT_CONVERSION = YES;
				GCC_WARN_ABOUT_RETURN_TYPE = YES_ERROR;
				GCC_WARN_UNDECLARED_SELECTOR = YES;
				GCC_WARN_UNINITIALIZED_AUTOS = YES_AGGRESSIVE;
				GCC_WARN_UNUSED_FUNCTION = YES;
				GCC_WARN_UNUSED_VARIABLE = YES;
				IPHONEOS_DEPLOYMENT_TARGET = 14.0;
				MTL_ENABLE_DEBUG_INFO = NO;
				MTL_FAST_MATH = YES;
				SDKROOT = iphoneos;
				SWIFT_COMPILATION_MODE = wholemodule;
				SWIFT_OPTIMIZATION_LEVEL = "-O";
				VALIDATE_PRODUCT = YES;
			};
			name = Release;
		};
		8B7FBAA324AD8D4800167A90 /* Debug */ = {
			isa = XCBuildConfiguration;
			buildSettings = {
				ASSETCATALOG_COMPILER_APPICON_NAME = AppIcon;
				ASSETCATALOG_COMPILER_GLOBAL_ACCENT_COLOR_NAME = AccentColor;
				CODE_SIGN_STYLE = Automatic;
				DEVELOPMENT_ASSET_PATHS = "\"Todo/Preview Content\"";
				DEVELOPMENT_TEAM = 5C2XD9H2JS;
				ENABLE_PREVIEWS = YES;
				INFOPLIST_FILE = Todo/Info.plist;
				IPHONEOS_DEPLOYMENT_TARGET = 14.0;
				LD_RUNPATH_SEARCH_PATHS = (
					"$(inherited)",
					"@executable_path/Frameworks",
				);
				PRODUCT_BUNDLE_IDENTIFIER = com.alfianlosari.Todo;
				PRODUCT_NAME = "$(TARGET_NAME)";
				SWIFT_VERSION = 5.0;
				TARGETED_DEVICE_FAMILY = "1,2";
			};
			name = Debug;
		};
		8B7FBAA424AD8D4800167A90 /* Release */ = {
			isa = XCBuildConfiguration;
			buildSettings = {
				ASSETCATALOG_COMPILER_APPICON_NAME = AppIcon;
				ASSETCATALOG_COMPILER_GLOBAL_ACCENT_COLOR_NAME = AccentColor;
				CODE_SIGN_STYLE = Automatic;
				DEVELOPMENT_ASSET_PATHS = "\"Todo/Preview Content\"";
				DEVELOPMENT_TEAM = 5C2XD9H2JS;
				ENABLE_PREVIEWS = YES;
				INFOPLIST_FILE = Todo/Info.plist;
				IPHONEOS_DEPLOYMENT_TARGET = 14.0;
				LD_RUNPATH_SEARCH_PATHS = (
					"$(inherited)",
					"@executable_path/Frameworks",
				);
				PRODUCT_BUNDLE_IDENTIFIER = com.alfianlosari.Todo;
				PRODUCT_NAME = "$(TARGET_NAME)";
				SWIFT_VERSION = 5.0;
				TARGETED_DEVICE_FAMILY = "1,2";
			};
			name = Release;
		};
/* End XCBuildConfiguration section */

/* Begin XCConfigurationList section */
		8B7FBA8E24AD8D4700167A90 /* Build configuration list for PBXProject "Todo" */ = {
			isa = XCConfigurationList;
			buildConfigurations = (
				8B7FBAA024AD8D4800167A90 /* Debug */,
				8B7FBAA124AD8D4800167A90 /* Release */,
			);
			defaultConfigurationIsVisible = 0;
			defaultConfigurationName = Release;
		};
		8B7FBAA224AD8D4800167A90 /* Build configuration list for PBXNativeTarget "Todo" */ = {
			isa = XCConfigurationList;
			buildConfigurations = (
				8B7FBAA324AD8D4800167A90 /* Debug */,
				8B7FBAA424AD8D4800167A90 /* Release */,
			);
			defaultConfigurationIsVisible = 0;
			defaultConfigurationName = Release;
		};
/* End XCConfigurationList section */

/* Begin XCVersionGroup section */
		8B7FBAA524AD8D6600167A90 /* Todo.xcdatamodeld */ = {
			isa = XCVersionGroup;
			children = (
				8B7FBAA624AD8D6600167A90 /* Todo.xcdatamodel */,
			);
			currentVersion = 8B7FBAA624AD8D6600167A90 /* Todo.xcdatamodel */;
			path = Todo.xcdatamodeld;
			sourceTree = "<group>";
			versionGroupType = wrapper.xcdatamodel;
		};
/* End XCVersionGroup section */
	};
	rootObject = 8B7FBA8B24AD8D4700167A90 /* Project object */;
}
